PODS:
  - Amplify (1.29.0):
    - Amplify/Default (= 1.29.0)
  - Amplify/Default (1.29.0)
  - AmplifyPlugins/AWSAPIPlugin (1.29.0):
    - AppSyncRealTimeClient (~> 3.0)
    - AWSCore (~> 2.30.1)
    - AWSPluginsCore (= 1.29.0)
  - AmplifyPlugins/AWSCognitoAuthPlugin (1.29.0):
    - AWSAuthCore (~> 2.30.1)
    - AWSCognitoIdentityProvider (~> 2.30.1)
    - AWSCognitoIdentityProviderASF (~> 2.30.1)
    - AWSCore (~> 2.30.1)
    - AWSMobileClient (~> 2.30.1)
    - AWSPluginsCore (= 1.29.0)
  - AmplifyPlugins/AWSDataStorePlugin (1.29.0):
    - AWSCore (~> 2.30.1)
    - AWSPluginsCore (= 1.29.0)
    - SQLite.swift (= 0.13.2)
  - AppSyncRealTimeClient (3.0.0):
    - Starscream (~> 4.0.4)
  - AWSAuthCore (2.30.1):
    - AWSCore (= 2.30.1)
  - AWSCognitoIdentityProvider (2.30.1):
    - AWSCognitoIdentityProviderASF (= 2.30.1)
    - AWSCore (= 2.30.1)
  - AWSCognitoIdentityProviderASF (2.30.1):
    - AWSCore (= 2.30.1)
  - AWSCore (2.30.1)
  - AWSMobileClient (2.30.1):
    - AWSAuthCore (= 2.30.1)
    - AWSCognitoIdentityProvider (= 2.30.1)
    - AWSCognitoIdentityProviderASF (= 2.30.1)
    - AWSCore (= 2.30.1)
  - AWSPluginsCore (1.29.0):
    - Amplify (= 1.29.0)
    - AWSCore (~> 2.30.1)
  - Sentry (8.1.0):
    - Sentry/Core (= 8.1.0)
    - SentryPrivate (= 8.1.0)
  - Sentry/Core (8.1.0):
    - SentryPrivate (= 8.1.0)
  - SentryPrivate (8.1.0)
  - SQLite.swift (0.13.2):
    - SQLite.swift/standard (= 0.13.2)
  - SQLite.swift/standard (0.13.2)
  - Starscream (4.0.4)

DEPENDENCIES:
  - Amplify
  - AmplifyPlugins/AWSAPIPlugin
  - AmplifyPlugins/AWSCognitoAuthPlugin
  - AmplifyPlugins/AWSDataStorePlugin
  - Sentry (from `https://github.com/getsentry/sentry-cocoa.git`, tag `8.1.0`)

SPEC REPOS:
  trunk:
    - Amplify
    - AmplifyPlugins
    - AppSyncRealTimeClient
    - AWSAuthCore
    - AWSCognitoIdentityProvider
    - AWSCognitoIdentityProviderASF
    - AWSCore
    - AWSMobileClient
    - AWSPluginsCore
    - SentryPrivate
    - SQLite.swift
    - Starscream

EXTERNAL SOURCES:
  Sentry:
    :git: https://github.com/getsentry/sentry-cocoa.git
    :tag: 8.1.0

CHECKOUT OPTIONS:
  Sentry:
    :git: https://github.com/getsentry/sentry-cocoa.git
    :tag: 8.1.0

SPEC CHECKSUMS:
  Amplify: d0c5ec982b3448d158980577fe73a3aa6d27d984
  AmplifyPlugins: 20fce06296f5946bdc2d3aab93f3b81f813abb03
  AppSyncRealTimeClient: ec19a24f635611b193eb98a2da573abcf98b793b
  AWSAuthCore: 88e77e867b210e5d09e35a484de19753d587aee3
  AWSCognitoIdentityProvider: 37ff510e8f64dc6a1240088ba92ad4d6f0cd841e
  AWSCognitoIdentityProviderASF: f2cd19990c4ae642ad73d09a4945018a994c9ff8
  AWSCore: 493e49f8118e04fa57d927ceb117ba24a9b5ca02
  AWSMobileClient: 36d9bb90118da3ba14a87f9999818cb314953c5c
  AWSPluginsCore: a3033b4838dd83e62efc3c7eee660e897485441c
  Sentry: a73976b9f5a5141187b0c15432425a167c90d80f
  SentryPrivate: eb7ce6ea7ccf1bbeda1f3f37fa355668849426ae
  SQLite.swift: 4fc2be46c36392e3b87afe6fe7f1801c1daa07ef
  Starscream: 5178aed56b316f13fa3bc55694e583d35dd414d9

PODFILE CHECKSUM: 6064a64a527a0066c2f4c635841888105d3864e5

COCOAPODS: 1.11.3
