PODS:
  - Sentry (8.1.0):
    - Sentry/Core (= 8.1.0)
    - SentryPrivate (= 8.1.0)
  - Sentry/Core (8.1.0):
    - SentryPrivate (= 8.1.0)
  - SentryPrivate (8.1.0)

DEPENDENCIES:
  - Sentry (from `https://github.com/getsentry/sentry-cocoa.git`, tag `8.1.0`)

SPEC REPOS:
  trunk:
    - SentryPrivate

EXTERNAL SOURCES:
  Sentry:
    :git: https://github.com/getsentry/sentry-cocoa.git
    :tag: 8.1.0

CHECKOUT OPTIONS:
  Sentry:
    :git: https://github.com/getsentry/sentry-cocoa.git
    :tag: 8.1.0

SPEC CHECKSUMS:
  Sentry: a73976b9f5a5141187b0c15432425a167c90d80f
  SentryPrivate: eb7ce6ea7ccf1bbeda1f3f37fa355668849426ae

PODFILE CHECKSUM: 5f50efa28db4ff6d02158b9aa217c253d5d1c0cf

COCOAPODS: 1.12.0
