// !$*UTF8*$!
{
	archiveVersion = 1;
	classes = {
	};
	objectVersion = 56;
	objects = {

/* Begin PBXBuildFile section */
		263C4CCD29517E79005FE16A /* TapppPanelLibrary.h in Headers */ = {isa = PBXBuildFile; fileRef = 263C4CCC29517E79005FE16A /* TapppPanelLibrary.h */; settings = {ATTRIBUTES = (Public, ); }; };
		263C4CD429517F9B005FE16A /* TapppPanelLibrary.swift in Sources */ = {isa = PBXBuildFile; fileRef = 263C4CD329517F9B005FE16A /* TapppPanelLibrary.swift */; };
		263C4FFD29530805005FE16A /* favicon.ico in Resources */ = {isa = PBXBuildFile; fileRef = 263C4FCB29530805005FE16A /* favicon.ico */; };
		263C4FFE29530805005FE16A /* index.html in Resources */ = {isa = PBXBuildFile; fileRef = 263C4FCC29530805005FE16A /* index.html */; };
		263C4FFF29530805005FE16A /* serve.json in Resources */ = {isa = PBXBuildFile; fileRef = 263C4FCD29530805005FE16A /* serve.json */; };
		263C500029530805005FE16A /* favicon-16.png in Resources */ = {isa = PBXBuildFile; fileRef = 263C4FCE29530805005FE16A /* favicon-16.png */; };
		263C500129530805005FE16A /* asset-manifest.json in Resources */ = {isa = PBXBuildFile; fileRef = 263C4FCF29530805005FE16A /* asset-manifest.json */; };
		263C500229530805005FE16A /* app.598736d7.chunk.js in Resources */ = {isa = PBXBuildFile; fileRef = 263C4FD429530805005FE16A /* app.598736d7.chunk.js */; };
		263C500329530805005FE16A /* runtime~app.c09eef9e.js in Resources */ = {isa = PBXBuildFile; fileRef = 263C4FD529530805005FE16A /* runtime~app.c09eef9e.js */; };
		263C500429530805005FE16A /* 2.dc09d5da.chunk.js in Resources */ = {isa = PBXBuildFile; fileRef = 263C4FD729530805005FE16A /* 2.dc09d5da.chunk.js */; };
		263C500529530805005FE16A /* pic.9b2d52f3.png in Resources */ = {isa = PBXBuildFile; fileRef = 263C4FD929530805005FE16A /* pic.9b2d52f3.png */; };
		263C500629530805005FE16A /* nflBall.38e9cc40.png in Resources */ = {isa = PBXBuildFile; fileRef = 263C4FDA29530805005FE16A /* nflBall.38e9cc40.png */; };
		263C500729530805005FE16A /* bg.41c28199.png in Resources */ = {isa = PBXBuildFile; fileRef = 263C4FDB29530805005FE16A /* bg.41c28199.png */; };
		263C500829530805005FE16A /* apple-touch-icon-180.png in Resources */ = {isa = PBXBuildFile; fileRef = 263C4FDE29530805005FE16A /* apple-touch-icon-180.png */; };
		263C500929530805005FE16A /* chrome-icon-512.png in Resources */ = {isa = PBXBuildFile; fileRef = 263C4FE029530805005FE16A /* chrome-icon-512.png */; };
		263C500A29530805005FE16A /* chrome-icon-192.png in Resources */ = {isa = PBXBuildFile; fileRef = 263C4FE129530805005FE16A /* chrome-icon-192.png */; };
		263C500B29530805005FE16A /* chrome-icon-144.png in Resources */ = {isa = PBXBuildFile; fileRef = 263C4FE229530805005FE16A /* chrome-icon-144.png */; };
		263C500C29530805005FE16A /* apple-touch-startup-image-1125x2436.png in Resources */ = {isa = PBXBuildFile; fileRef = 263C4FE429530805005FE16A /* apple-touch-startup-image-1125x2436.png */; };
		263C500D29530805005FE16A /* apple-touch-startup-image-1242x2688.png in Resources */ = {isa = PBXBuildFile; fileRef = 263C4FE529530805005FE16A /* apple-touch-startup-image-1242x2688.png */; };
		263C500E29530805005FE16A /* apple-touch-startup-image-640x1136.png in Resources */ = {isa = PBXBuildFile; fileRef = 263C4FE629530805005FE16A /* apple-touch-startup-image-640x1136.png */; };
		263C500F29530805005FE16A /* apple-touch-startup-image-1668x2388.png in Resources */ = {isa = PBXBuildFile; fileRef = 263C4FE729530805005FE16A /* apple-touch-startup-image-1668x2388.png */; };
		263C501029530805005FE16A /* apple-touch-startup-image-828x1792.png in Resources */ = {isa = PBXBuildFile; fileRef = 263C4FE829530805005FE16A /* apple-touch-startup-image-828x1792.png */; };
		263C501129530805005FE16A /* apple-touch-startup-image-1242x2208.png in Resources */ = {isa = PBXBuildFile; fileRef = 263C4FE929530805005FE16A /* apple-touch-startup-image-1242x2208.png */; };
		263C501229530805005FE16A /* apple-touch-startup-image-750x1334.png in Resources */ = {isa = PBXBuildFile; fileRef = 263C4FEA29530805005FE16A /* apple-touch-startup-image-750x1334.png */; };
		263C501329530805005FE16A /* apple-touch-startup-image-1668x2224.png in Resources */ = {isa = PBXBuildFile; fileRef = 263C4FEB29530805005FE16A /* apple-touch-startup-image-1668x2224.png */; };
		263C501429530805005FE16A /* apple-touch-startup-image-1536x2048.png in Resources */ = {isa = PBXBuildFile; fileRef = 263C4FEC29530805005FE16A /* apple-touch-startup-image-1536x2048.png */; };
		263C501529530805005FE16A /* apple-touch-startup-image-2048x2732.png in Resources */ = {isa = PBXBuildFile; fileRef = 263C4FED29530805005FE16A /* apple-touch-startup-image-2048x2732.png */; };
		263C501629530805005FE16A /* manifest.json in Resources */ = {isa = PBXBuildFile; fileRef = 263C4FEE29530805005FE16A /* manifest.json */; };
		263C501729530805005FE16A /* favicon-32.png in Resources */ = {isa = PBXBuildFile; fileRef = 263C4FEF29530805005FE16A /* favicon-32.png */; };
		263C501829530805005FE16A /* Fontisto.ttf in Resources */ = {isa = PBXBuildFile; fileRef = 263C4FF129530805005FE16A /* Fontisto.ttf */; };
		263C501929530805005FE16A /* Feather.ttf in Resources */ = {isa = PBXBuildFile; fileRef = 263C4FF229530805005FE16A /* Feather.ttf */; };
		263C501A29530805005FE16A /* Entypo.ttf in Resources */ = {isa = PBXBuildFile; fileRef = 263C4FF329530805005FE16A /* Entypo.ttf */; };
		263C501B29530805005FE16A /* FontAwesome5_Brands.ttf in Resources */ = {isa = PBXBuildFile; fileRef = 263C4FF429530805005FE16A /* FontAwesome5_Brands.ttf */; };
		263C501C29530805005FE16A /* MaterialCommunityIcons.ttf in Resources */ = {isa = PBXBuildFile; fileRef = 263C4FF529530805005FE16A /* MaterialCommunityIcons.ttf */; };
		263C501D29530805005FE16A /* AntDesign.ttf in Resources */ = {isa = PBXBuildFile; fileRef = 263C4FF629530805005FE16A /* AntDesign.ttf */; };
		263C501E29530805005FE16A /* Foundation.ttf in Resources */ = {isa = PBXBuildFile; fileRef = 263C4FF729530805005FE16A /* Foundation.ttf */; };
		263C501F29530805005FE16A /* Ionicons.ttf in Resources */ = {isa = PBXBuildFile; fileRef = 263C4FF829530805005FE16A /* Ionicons.ttf */; };
		263C502029530805005FE16A /* FontAwesome5_Solid.ttf in Resources */ = {isa = PBXBuildFile; fileRef = 263C4FF929530805005FE16A /* FontAwesome5_Solid.ttf */; };
		263C502129530805005FE16A /* FontAwesome.ttf in Resources */ = {isa = PBXBuildFile; fileRef = 263C4FFA29530805005FE16A /* FontAwesome.ttf */; };
		263C502229530805005FE16A /* SimpleLineIcons.ttf in Resources */ = {isa = PBXBuildFile; fileRef = 263C4FFB29530805005FE16A /* SimpleLineIcons.ttf */; };
		263C502329530805005FE16A /* MaterialIcons.ttf in Resources */ = {isa = PBXBuildFile; fileRef = 263C4FFC29530805005FE16A /* MaterialIcons.ttf */; };
/* End PBXBuildFile section */

/* Begin PBXFileReference section */
		263C4CC929517E79005FE16A /* TapppPanelLibrary.framework */ = {isa = PBXFileReference; explicitFileType = wrapper.framework; includeInIndex = 0; path = TapppPanelLibrary.framework; sourceTree = BUILT_PRODUCTS_DIR; };
		263C4CCC29517E79005FE16A /* TapppPanelLibrary.h */ = {isa = PBXFileReference; lastKnownFileType = sourcecode.c.h; path = TapppPanelLibrary.h; sourceTree = "<group>"; };
		263C4CD329517F9B005FE16A /* TapppPanelLibrary.swift */ = {isa = PBXFileReference; lastKnownFileType = sourcecode.swift; path = TapppPanelLibrary.swift; sourceTree = "<group>"; };
		263C4FCB29530805005FE16A /* favicon.ico */ = {isa = PBXFileReference; lastKnownFileType = image.ico; path = favicon.ico; sourceTree = "<group>"; };
		263C4FCC29530805005FE16A /* index.html */ = {isa = PBXFileReference; fileEncoding = 4; lastKnownFileType = text.html; path = index.html; sourceTree = "<group>"; };
		263C4FCD29530805005FE16A /* serve.json */ = {isa = PBXFileReference; fileEncoding = 4; lastKnownFileType = text.json; path = serve.json; sourceTree = "<group>"; };
		263C4FCE29530805005FE16A /* favicon-16.png */ = {isa = PBXFileReference; lastKnownFileType = image.png; path = "favicon-16.png"; sourceTree = "<group>"; };
		263C4FCF29530805005FE16A /* asset-manifest.json */ = {isa = PBXFileReference; fileEncoding = 4; lastKnownFileType = text.json; path = "asset-manifest.json"; sourceTree = "<group>"; };
		263C4FD229530805005FE16A /* 2.dc09d5da.chunk.js.map */ = {isa = PBXFileReference; fileEncoding = 4; lastKnownFileType = "sourcecode.module-map"; path = 2.dc09d5da.chunk.js.map; sourceTree = "<group>"; };
		263C4FD329530805005FE16A /* runtime~app.c09eef9e.js.map */ = {isa = PBXFileReference; fileEncoding = 4; lastKnownFileType = "sourcecode.module-map"; path = "runtime~app.c09eef9e.js.map"; sourceTree = "<group>"; };
		263C4FD429530805005FE16A /* app.598736d7.chunk.js */ = {isa = PBXFileReference; fileEncoding = 4; lastKnownFileType = sourcecode.javascript; path = app.598736d7.chunk.js; sourceTree = "<group>"; };
		263C4FD529530805005FE16A /* runtime~app.c09eef9e.js */ = {isa = PBXFileReference; fileEncoding = 4; lastKnownFileType = sourcecode.javascript; path = "runtime~app.c09eef9e.js"; sourceTree = "<group>"; };
		263C4FD629530805005FE16A /* app.598736d7.chunk.js.map */ = {isa = PBXFileReference; fileEncoding = 4; lastKnownFileType = "sourcecode.module-map"; path = app.598736d7.chunk.js.map; sourceTree = "<group>"; };
		263C4FD729530805005FE16A /* 2.dc09d5da.chunk.js */ = {isa = PBXFileReference; fileEncoding = 4; lastKnownFileType = sourcecode.javascript; path = 2.dc09d5da.chunk.js; sourceTree = "<group>"; };
		263C4FD929530805005FE16A /* pic.9b2d52f3.png */ = {isa = PBXFileReference; lastKnownFileType = image.png; path = pic.9b2d52f3.png; sourceTree = "<group>"; };
		263C4FDA29530805005FE16A /* nflBall.38e9cc40.png */ = {isa = PBXFileReference; lastKnownFileType = image.png; path = nflBall.38e9cc40.png; sourceTree = "<group>"; };
		263C4FDB29530805005FE16A /* bg.41c28199.png */ = {isa = PBXFileReference; lastKnownFileType = image.png; path = bg.41c28199.png; sourceTree = "<group>"; };
		263C4FDE29530805005FE16A /* apple-touch-icon-180.png */ = {isa = PBXFileReference; lastKnownFileType = image.png; path = "apple-touch-icon-180.png"; sourceTree = "<group>"; };
		263C4FE029530805005FE16A /* chrome-icon-512.png */ = {isa = PBXFileReference; lastKnownFileType = image.png; path = "chrome-icon-512.png"; sourceTree = "<group>"; };
		263C4FE129530805005FE16A /* chrome-icon-192.png */ = {isa = PBXFileReference; lastKnownFileType = image.png; path = "chrome-icon-192.png"; sourceTree = "<group>"; };
		263C4FE229530805005FE16A /* chrome-icon-144.png */ = {isa = PBXFileReference; lastKnownFileType = image.png; path = "chrome-icon-144.png"; sourceTree = "<group>"; };
		263C4FE429530805005FE16A /* apple-touch-startup-image-1125x2436.png */ = {isa = PBXFileReference; lastKnownFileType = image.png; path = "apple-touch-startup-image-1125x2436.png"; sourceTree = "<group>"; };
		263C4FE529530805005FE16A /* apple-touch-startup-image-1242x2688.png */ = {isa = PBXFileReference; lastKnownFileType = image.png; path = "apple-touch-startup-image-1242x2688.png"; sourceTree = "<group>"; };
		263C4FE629530805005FE16A /* apple-touch-startup-image-640x1136.png */ = {isa = PBXFileReference; lastKnownFileType = image.png; path = "apple-touch-startup-image-640x1136.png"; sourceTree = "<group>"; };
		263C4FE729530805005FE16A /* apple-touch-startup-image-1668x2388.png */ = {isa = PBXFileReference; lastKnownFileType = image.png; path = "apple-touch-startup-image-1668x2388.png"; sourceTree = "<group>"; };
		263C4FE829530805005FE16A /* apple-touch-startup-image-828x1792.png */ = {isa = PBXFileReference; lastKnownFileType = image.png; path = "apple-touch-startup-image-828x1792.png"; sourceTree = "<group>"; };
		263C4FE929530805005FE16A /* apple-touch-startup-image-1242x2208.png */ = {isa = PBXFileReference; lastKnownFileType = image.png; path = "apple-touch-startup-image-1242x2208.png"; sourceTree = "<group>"; };
		263C4FEA29530805005FE16A /* apple-touch-startup-image-750x1334.png */ = {isa = PBXFileReference; lastKnownFileType = image.png; path = "apple-touch-startup-image-750x1334.png"; sourceTree = "<group>"; };
		263C4FEB29530805005FE16A /* apple-touch-startup-image-1668x2224.png */ = {isa = PBXFileReference; lastKnownFileType = image.png; path = "apple-touch-startup-image-1668x2224.png"; sourceTree = "<group>"; };
		263C4FEC29530805005FE16A /* apple-touch-startup-image-1536x2048.png */ = {isa = PBXFileReference; lastKnownFileType = image.png; path = "apple-touch-startup-image-1536x2048.png"; sourceTree = "<group>"; };
		263C4FED29530805005FE16A /* apple-touch-startup-image-2048x2732.png */ = {isa = PBXFileReference; lastKnownFileType = image.png; path = "apple-touch-startup-image-2048x2732.png"; sourceTree = "<group>"; };
		263C4FEE29530805005FE16A /* manifest.json */ = {isa = PBXFileReference; fileEncoding = 4; lastKnownFileType = text.json; path = manifest.json; sourceTree = "<group>"; };
		263C4FEF29530805005FE16A /* favicon-32.png */ = {isa = PBXFileReference; lastKnownFileType = image.png; path = "favicon-32.png"; sourceTree = "<group>"; };
		263C4FF129530805005FE16A /* Fontisto.ttf */ = {isa = PBXFileReference; lastKnownFileType = file; path = Fontisto.ttf; sourceTree = "<group>"; };
		263C4FF229530805005FE16A /* Feather.ttf */ = {isa = PBXFileReference; lastKnownFileType = file; path = Feather.ttf; sourceTree = "<group>"; };
		263C4FF329530805005FE16A /* Entypo.ttf */ = {isa = PBXFileReference; lastKnownFileType = file; path = Entypo.ttf; sourceTree = "<group>"; };
		263C4FF429530805005FE16A /* FontAwesome5_Brands.ttf */ = {isa = PBXFileReference; lastKnownFileType = file; path = FontAwesome5_Brands.ttf; sourceTree = "<group>"; };
		263C4FF529530805005FE16A /* MaterialCommunityIcons.ttf */ = {isa = PBXFileReference; lastKnownFileType = file; path = MaterialCommunityIcons.ttf; sourceTree = "<group>"; };
		263C4FF629530805005FE16A /* AntDesign.ttf */ = {isa = PBXFileReference; lastKnownFileType = file; path = AntDesign.ttf; sourceTree = "<group>"; };
		263C4FF729530805005FE16A /* Foundation.ttf */ = {isa = PBXFileReference; lastKnownFileType = file; path = Foundation.ttf; sourceTree = "<group>"; };
		263C4FF829530805005FE16A /* Ionicons.ttf */ = {isa = PBXFileReference; lastKnownFileType = file; path = Ionicons.ttf; sourceTree = "<group>"; };
		263C4FF929530805005FE16A /* FontAwesome5_Solid.ttf */ = {isa = PBXFileReference; lastKnownFileType = file; path = FontAwesome5_Solid.ttf; sourceTree = "<group>"; };
		263C4FFA29530805005FE16A /* FontAwesome.ttf */ = {isa = PBXFileReference; lastKnownFileType = file; path = FontAwesome.ttf; sourceTree = "<group>"; };
		263C4FFB29530805005FE16A /* SimpleLineIcons.ttf */ = {isa = PBXFileReference; lastKnownFileType = file; path = SimpleLineIcons.ttf; sourceTree = "<group>"; };
		263C4FFC29530805005FE16A /* MaterialIcons.ttf */ = {isa = PBXFileReference; lastKnownFileType = file; path = MaterialIcons.ttf; sourceTree = "<group>"; };
/* End PBXFileReference section */

/* Begin PBXFrameworksBuildPhase section */
		263C4CC629517E79005FE16A /* Frameworks */ = {
			isa = PBXFrameworksBuildPhase;
			buildActionMask = 2147483647;
			files = (
			);
			runOnlyForDeploymentPostprocessing = 0;
		};
/* End PBXFrameworksBuildPhase section */

/* Begin PBXGroup section */
		263C4CBF29517E79005FE16A = {
			isa = PBXGroup;
			children = (
				263C4CCB29517E79005FE16A /* TapppPanelLibrary */,
				263C4CCA29517E79005FE16A /* Products */,
			);
			sourceTree = "<group>";
		};
		263C4CCA29517E79005FE16A /* Products */ = {
			isa = PBXGroup;
			children = (
				263C4CC929517E79005FE16A /* TapppPanelLibrary.framework */,
			);
			name = Products;
			sourceTree = "<group>";
		};
		263C4CCB29517E79005FE16A /* TapppPanelLibrary */ = {
			isa = PBXGroup;
			children = (
				263C4FCA29530805005FE16A /* web-build */,
				263C4CCC29517E79005FE16A /* TapppPanelLibrary.h */,
				263C4CD329517F9B005FE16A /* TapppPanelLibrary.swift */,
			);
			path = TapppPanelLibrary;
			sourceTree = "<group>";
		};
		263C4FCA29530805005FE16A /* web-build */ = {
			isa = PBXGroup;
			children = (
				263C4FCB29530805005FE16A /* favicon.ico */,
				263C4FCC29530805005FE16A /* index.html */,
				263C4FCD29530805005FE16A /* serve.json */,
				263C4FCE29530805005FE16A /* favicon-16.png */,
				263C4FCF29530805005FE16A /* asset-manifest.json */,
				263C4FD029530805005FE16A /* static */,
				263C4FDC29530805005FE16A /* pwa */,
				263C4FEE29530805005FE16A /* manifest.json */,
				263C4FEF29530805005FE16A /* favicon-32.png */,
				263C4FF029530805005FE16A /* fonts */,
			);
			path = "web-build";
			sourceTree = "<group>";
		};
		263C4FD029530805005FE16A /* static */ = {
			isa = PBXGroup;
			children = (
				263C4FD129530805005FE16A /* js */,
				263C4FD829530805005FE16A /* media */,
			);
			path = static;
			sourceTree = "<group>";
		};
		263C4FD129530805005FE16A /* js */ = {
			isa = PBXGroup;
			children = (
				263C4FD229530805005FE16A /* 2.dc09d5da.chunk.js.map */,
				263C4FD329530805005FE16A /* runtime~app.c09eef9e.js.map */,
				263C4FD429530805005FE16A /* app.598736d7.chunk.js */,
				263C4FD529530805005FE16A /* runtime~app.c09eef9e.js */,
				263C4FD629530805005FE16A /* app.598736d7.chunk.js.map */,
				263C4FD729530805005FE16A /* 2.dc09d5da.chunk.js */,
			);
			path = js;
			sourceTree = "<group>";
		};
		263C4FD829530805005FE16A /* media */ = {
			isa = PBXGroup;
			children = (
				263C4FD929530805005FE16A /* pic.9b2d52f3.png */,
				263C4FDA29530805005FE16A /* nflBall.38e9cc40.png */,
				263C4FDB29530805005FE16A /* bg.41c28199.png */,
			);
			path = media;
			sourceTree = "<group>";
		};
		263C4FDC29530805005FE16A /* pwa */ = {
			isa = PBXGroup;
			children = (
				263C4FDD29530805005FE16A /* apple-touch-icon */,
				263C4FDF29530805005FE16A /* chrome-icon */,
				263C4FE329530805005FE16A /* apple-touch-startup-image */,
			);
			path = pwa;
			sourceTree = "<group>";
		};
		263C4FDD29530805005FE16A /* apple-touch-icon */ = {
			isa = PBXGroup;
			children = (
				263C4FDE29530805005FE16A /* apple-touch-icon-180.png */,
			);
			path = "apple-touch-icon";
			sourceTree = "<group>";
		};
		263C4FDF29530805005FE16A /* chrome-icon */ = {
			isa = PBXGroup;
			children = (
				263C4FE029530805005FE16A /* chrome-icon-512.png */,
				263C4FE129530805005FE16A /* chrome-icon-192.png */,
				263C4FE229530805005FE16A /* chrome-icon-144.png */,
			);
			path = "chrome-icon";
			sourceTree = "<group>";
		};
		263C4FE329530805005FE16A /* apple-touch-startup-image */ = {
			isa = PBXGroup;
			children = (
				263C4FE429530805005FE16A /* apple-touch-startup-image-1125x2436.png */,
				263C4FE529530805005FE16A /* apple-touch-startup-image-1242x2688.png */,
				263C4FE629530805005FE16A /* apple-touch-startup-image-640x1136.png */,
				263C4FE729530805005FE16A /* apple-touch-startup-image-1668x2388.png */,
				263C4FE829530805005FE16A /* apple-touch-startup-image-828x1792.png */,
				263C4FE929530805005FE16A /* apple-touch-startup-image-1242x2208.png */,
				263C4FEA29530805005FE16A /* apple-touch-startup-image-750x1334.png */,
				263C4FEB29530805005FE16A /* apple-touch-startup-image-1668x2224.png */,
				263C4FEC29530805005FE16A /* apple-touch-startup-image-1536x2048.png */,
				263C4FED29530805005FE16A /* apple-touch-startup-image-2048x2732.png */,
			);
			path = "apple-touch-startup-image";
			sourceTree = "<group>";
		};
		263C4FF029530805005FE16A /* fonts */ = {
			isa = PBXGroup;
			children = (
				263C4FF129530805005FE16A /* Fontisto.ttf */,
				263C4FF229530805005FE16A /* Feather.ttf */,
				263C4FF329530805005FE16A /* Entypo.ttf */,
				263C4FF429530805005FE16A /* FontAwesome5_Brands.ttf */,
				263C4FF529530805005FE16A /* MaterialCommunityIcons.ttf */,
				263C4FF629530805005FE16A /* AntDesign.ttf */,
				263C4FF729530805005FE16A /* Foundation.ttf */,
				263C4FF829530805005FE16A /* Ionicons.ttf */,
				263C4FF929530805005FE16A /* FontAwesome5_Solid.ttf */,
				263C4FFA29530805005FE16A /* FontAwesome.ttf */,
				263C4FFB29530805005FE16A /* SimpleLineIcons.ttf */,
				263C4FFC29530805005FE16A /* MaterialIcons.ttf */,
			);
			path = fonts;
			sourceTree = "<group>";
		};
/* End PBXGroup section */

/* Begin PBXHeadersBuildPhase section */
		263C4CC429517E79005FE16A /* Headers */ = {
			isa = PBXHeadersBuildPhase;
			buildActionMask = 2147483647;
			files = (
				263C4CCD29517E79005FE16A /* TapppPanelLibrary.h in Headers */,
			);
			runOnlyForDeploymentPostprocessing = 0;
		};
/* End PBXHeadersBuildPhase section */

/* Begin PBXNativeTarget section */
		263C4CC829517E79005FE16A /* TapppPanelLibrary */ = {
			isa = PBXNativeTarget;
			buildConfigurationList = 263C4CD029517E79005FE16A /* Build configuration list for PBXNativeTarget "TapppPanelLibrary" */;
			buildPhases = (
				263C4CC429517E79005FE16A /* Headers */,
				263C4CC529517E79005FE16A /* Sources */,
				263C4CC629517E79005FE16A /* Frameworks */,
				263C4CC729517E79005FE16A /* Resources */,
			);
			buildRules = (
			);
			dependencies = (
			);
			name = TapppPanelLibrary;
			productName = TapppPanelLibrary;
			productReference = 263C4CC929517E79005FE16A /* TapppPanelLibrary.framework */;
			productType = "com.apple.product-type.framework";
		};
/* End PBXNativeTarget section */

/* Begin PBXProject section */
		263C4CC029517E79005FE16A /* Project object */ = {
			isa = PBXProject;
			attributes = {
				BuildIndependentTargetsInParallel = 1;
				LastUpgradeCheck = 1420;
				TargetAttributes = {
					263C4CC829517E79005FE16A = {
						CreatedOnToolsVersion = 14.2;
						LastSwiftMigration = 1420;
					};
				};
			};
			buildConfigurationList = 263C4CC329517E79005FE16A /* Build configuration list for PBXProject "TapppPanelLibrary" */;
			compatibilityVersion = "Xcode 14.0";
			developmentRegion = en;
			hasScannedForEncodings = 0;
			knownRegions = (
				en,
				Base,
			);
			mainGroup = 263C4CBF29517E79005FE16A;
			productRefGroup = 263C4CCA29517E79005FE16A /* Products */;
			projectDirPath = "";
			projectRoot = "";
			targets = (
				263C4CC829517E79005FE16A /* TapppPanelLibrary */,
			);
		};
/* End PBXProject section */

/* Begin PBXResourcesBuildPhase section */
		263C4CC729517E79005FE16A /* Resources */ = {
			isa = PBXResourcesBuildPhase;
			buildActionMask = 2147483647;
			files = (
				263C500729530805005FE16A /* bg.41c28199.png in Resources */,
				263C500929530805005FE16A /* chrome-icon-512.png in Resources */,
				263C500129530805005FE16A /* asset-manifest.json in Resources */,
				263C4FFD29530805005FE16A /* favicon.ico in Resources */,
				263C4FFE29530805005FE16A /* index.html in Resources */,
				263C500629530805005FE16A /* nflBall.38e9cc40.png in Resources */,
				263C501C29530805005FE16A /* MaterialCommunityIcons.ttf in Resources */,
				263C501829530805005FE16A /* Fontisto.ttf in Resources */,
				263C500429530805005FE16A /* 2.dc09d5da.chunk.js in Resources */,
				263C501D29530805005FE16A /* AntDesign.ttf in Resources */,
				263C501F29530805005FE16A /* Ionicons.ttf in Resources */,
				263C502229530805005FE16A /* SimpleLineIcons.ttf in Resources */,
				263C501B29530805005FE16A /* FontAwesome5_Brands.ttf in Resources */,
				263C500A29530805005FE16A /* chrome-icon-192.png in Resources */,
				263C500D29530805005FE16A /* apple-touch-startup-image-1242x2688.png in Resources */,
				263C501129530805005FE16A /* apple-touch-startup-image-1242x2208.png in Resources */,
				263C500E29530805005FE16A /* apple-touch-startup-image-640x1136.png in Resources */,
				263C502329530805005FE16A /* MaterialIcons.ttf in Resources */,
				263C501929530805005FE16A /* Feather.ttf in Resources */,
				263C501A29530805005FE16A /* Entypo.ttf in Resources */,
				263C501729530805005FE16A /* favicon-32.png in Resources */,
				263C500529530805005FE16A /* pic.9b2d52f3.png in Resources */,
				263C500C29530805005FE16A /* apple-touch-startup-image-1125x2436.png in Resources */,
				263C500329530805005FE16A /* runtime~app.c09eef9e.js in Resources */,
				263C501429530805005FE16A /* apple-touch-startup-image-1536x2048.png in Resources */,
				263C4FFF29530805005FE16A /* serve.json in Resources */,
				263C501629530805005FE16A /* manifest.json in Resources */,
				263C501529530805005FE16A /* apple-touch-startup-image-2048x2732.png in Resources */,
				263C500F29530805005FE16A /* apple-touch-startup-image-1668x2388.png in Resources */,
				263C501329530805005FE16A /* apple-touch-startup-image-1668x2224.png in Resources */,
				263C500B29530805005FE16A /* chrome-icon-144.png in Resources */,
				263C502129530805005FE16A /* FontAwesome.ttf in Resources */,
				263C501229530805005FE16A /* apple-touch-startup-image-750x1334.png in Resources */,
				263C500829530805005FE16A /* apple-touch-icon-180.png in Resources */,
				263C501029530805005FE16A /* apple-touch-startup-image-828x1792.png in Resources */,
				263C501E29530805005FE16A /* Foundation.ttf in Resources */,
				263C502029530805005FE16A /* FontAwesome5_Solid.ttf in Resources */,
				263C500029530805005FE16A /* favicon-16.png in Resources */,
				263C500229530805005FE16A /* app.598736d7.chunk.js in Resources */,
			);
			runOnlyForDeploymentPostprocessing = 0;
		};
/* End PBXResourcesBuildPhase section */

/* Begin PBXSourcesBuildPhase section */
		263C4CC529517E79005FE16A /* Sources */ = {
			isa = PBXSourcesBuildPhase;
			buildActionMask = 2147483647;
			files = (
				263C4CD429517F9B005FE16A /* TapppPanelLibrary.swift in Sources */,
			);
			runOnlyForDeploymentPostprocessing = 0;
		};
/* End PBXSourcesBuildPhase section */

/* Begin XCBuildConfiguration section */
		263C4CCE29517E79005FE16A /* Debug */ = {
			isa = XCBuildConfiguration;
			buildSettings = {
				ALWAYS_SEARCH_USER_PATHS = NO;
				CLANG_ANALYZER_NONNULL = YES;
				CLANG_ANALYZER_NUMBER_OBJECT_CONVERSION = YES_AGGRESSIVE;
				CLANG_CXX_LANGUAGE_STANDARD = "gnu++20";
				CLANG_ENABLE_MODULES = YES;
				CLANG_ENABLE_OBJC_ARC = YES;
				CLANG_ENABLE_OBJC_WEAK = YES;
				CLANG_WARN_BLOCK_CAPTURE_AUTORELEASING = YES;
				CLANG_WARN_BOOL_CONVERSION = YES;
				CLANG_WARN_COMMA = YES;
				CLANG_WARN_CONSTANT_CONVERSION = YES;
				CLANG_WARN_DEPRECATED_OBJC_IMPLEMENTATIONS = YES;
				CLANG_WARN_DIRECT_OBJC_ISA_USAGE = YES_ERROR;
				CLANG_WARN_DOCUMENTATION_COMMENTS = YES;
				CLANG_WARN_EMPTY_BODY = YES;
				CLANG_WARN_ENUM_CONVERSION = YES;
				CLANG_WARN_INFINITE_RECURSION = YES;
				CLANG_WARN_INT_CONVERSION = YES;
				CLANG_WARN_NON_LITERAL_NULL_CONVERSION = YES;
				CLANG_WARN_OBJC_IMPLICIT_RETAIN_SELF = YES;
				CLANG_WARN_OBJC_LITERAL_CONVERSION = YES;
				CLANG_WARN_OBJC_ROOT_CLASS = YES_ERROR;
				CLANG_WARN_QUOTED_INCLUDE_IN_FRAMEWORK_HEADER = YES;
				CLANG_WARN_RANGE_LOOP_ANALYSIS = YES;
				CLANG_WARN_STRICT_PROTOTYPES = YES;
				CLANG_WARN_SUSPICIOUS_MOVE = YES;
				CLANG_WARN_UNGUARDED_AVAILABILITY = YES_AGGRESSIVE;
				CLANG_WARN_UNREACHABLE_CODE = YES;
				CLANG_WARN__DUPLICATE_METHOD_MATCH = YES;
				COPY_PHASE_STRIP = NO;
				CURRENT_PROJECT_VERSION = 1;
				DEBUG_INFORMATION_FORMAT = dwarf;
				ENABLE_STRICT_OBJC_MSGSEND = YES;
				ENABLE_TESTABILITY = YES;
				GCC_C_LANGUAGE_STANDARD = gnu11;
				GCC_DYNAMIC_NO_PIC = NO;
				GCC_NO_COMMON_BLOCKS = YES;
				GCC_OPTIMIZATION_LEVEL = 0;
				GCC_PREPROCESSOR_DEFINITIONS = (
					"DEBUG=1",
					"$(inherited)",
				);
				GCC_WARN_64_TO_32_BIT_CONVERSION = YES;
				GCC_WARN_ABOUT_RETURN_TYPE = YES_ERROR;
				GCC_WARN_UNDECLARED_SELECTOR = YES;
				GCC_WARN_UNINITIALIZED_AUTOS = YES_AGGRESSIVE;
				GCC_WARN_UNUSED_FUNCTION = YES;
				GCC_WARN_UNUSED_VARIABLE = YES;
				IPHONEOS_DEPLOYMENT_TARGET = 16.2;
				MTL_ENABLE_DEBUG_INFO = INCLUDE_SOURCE;
				MTL_FAST_MATH = YES;
				ONLY_ACTIVE_ARCH = YES;
				SDKROOT = iphoneos;
				SWIFT_ACTIVE_COMPILATION_CONDITIONS = DEBUG;
				SWIFT_OPTIMIZATION_LEVEL = "-Onone";
				VERSIONING_SYSTEM = "apple-generic";
				VERSION_INFO_PREFIX = "";
			};
			name = Debug;
		};
		263C4CCF29517E79005FE16A /* Release */ = {
			isa = XCBuildConfiguration;
			buildSettings = {
				ALWAYS_SEARCH_USER_PATHS = NO;
				CLANG_ANALYZER_NONNULL = YES;
				CLANG_ANALYZER_NUMBER_OBJECT_CONVERSION = YES_AGGRESSIVE;
				CLANG_CXX_LANGUAGE_STANDARD = "gnu++20";
				CLANG_ENABLE_MODULES = YES;
				CLANG_ENABLE_OBJC_ARC = YES;
				CLANG_ENABLE_OBJC_WEAK = YES;
				CLANG_WARN_BLOCK_CAPTURE_AUTORELEASING = YES;
				CLANG_WARN_BOOL_CONVERSION = YES;
				CLANG_WARN_COMMA = YES;
				CLANG_WARN_CONSTANT_CONVERSION = YES;
				CLANG_WARN_DEPRECATED_OBJC_IMPLEMENTATIONS = YES;
				CLANG_WARN_DIRECT_OBJC_ISA_USAGE = YES_ERROR;
				CLANG_WARN_DOCUMENTATION_COMMENTS = YES;
				CLANG_WARN_EMPTY_BODY = YES;
				CLANG_WARN_ENUM_CONVERSION = YES;
				CLANG_WARN_INFINITE_RECURSION = YES;
				CLANG_WARN_INT_CONVERSION = YES;
				CLANG_WARN_NON_LITERAL_NULL_CONVERSION = YES;
				CLANG_WARN_OBJC_IMPLICIT_RETAIN_SELF = YES;
				CLANG_WARN_OBJC_LITERAL_CONVERSION = YES;
				CLANG_WARN_OBJC_ROOT_CLASS = YES_ERROR;
				CLANG_WARN_QUOTED_INCLUDE_IN_FRAMEWORK_HEADER = YES;
				CLANG_WARN_RANGE_LOOP_ANALYSIS = YES;
				CLANG_WARN_STRICT_PROTOTYPES = YES;
				CLANG_WARN_SUSPICIOUS_MOVE = YES;
				CLANG_WARN_UNGUARDED_AVAILABILITY = YES_AGGRESSIVE;
				CLANG_WARN_UNREACHABLE_CODE = YES;
				CLANG_WARN__DUPLICATE_METHOD_MATCH = YES;
				COPY_PHASE_STRIP = NO;
				CURRENT_PROJECT_VERSION = 1;
				DEBUG_INFORMATION_FORMAT = "dwarf-with-dsym";
				ENABLE_NS_ASSERTIONS = NO;
				ENABLE_STRICT_OBJC_MSGSEND = YES;
				GCC_C_LANGUAGE_STANDARD = gnu11;
				GCC_NO_COMMON_BLOCKS = YES;
				GCC_WARN_64_TO_32_BIT_CONVERSION = YES;
				GCC_WARN_ABOUT_RETURN_TYPE = YES_ERROR;
				GCC_WARN_UNDECLARED_SELECTOR = YES;
				GCC_WARN_UNINITIALIZED_AUTOS = YES_AGGRESSIVE;
				GCC_WARN_UNUSED_FUNCTION = YES;
				GCC_WARN_UNUSED_VARIABLE = YES;
				IPHONEOS_DEPLOYMENT_TARGET = 16.2;
				MTL_ENABLE_DEBUG_INFO = NO;
				MTL_FAST_MATH = YES;
				SDKROOT = iphoneos;
				SWIFT_COMPILATION_MODE = wholemodule;
				SWIFT_OPTIMIZATION_LEVEL = "-O";
				VALIDATE_PRODUCT = YES;
				VERSIONING_SYSTEM = "apple-generic";
				VERSION_INFO_PREFIX = "";
			};
			name = Release;
		};
		263C4CD129517E79005FE16A /* Debug */ = {
			isa = XCBuildConfiguration;
			buildSettings = {
				CLANG_ENABLE_MODULES = YES;
				CODE_SIGN_STYLE = Automatic;
				CURRENT_PROJECT_VERSION = 1;
				DEFINES_MODULE = YES;
				DYLIB_COMPATIBILITY_VERSION = 1;
				DYLIB_CURRENT_VERSION = 1;
				DYLIB_INSTALL_NAME_BASE = "@rpath";
				GENERATE_INFOPLIST_FILE = YES;
				INFOPLIST_KEY_NSHumanReadableCopyright = "";
				INSTALL_PATH = "$(LOCAL_LIBRARY_DIR)/Frameworks";
				LD_RUNPATH_SEARCH_PATHS = (
					"$(inherited)",
					"@executable_path/Frameworks",
					"@loader_path/Frameworks",
				);
				MARKETING_VERSION = 1.0;
				PRODUCT_BUNDLE_IDENTIFIER = ravi.TapppPanelLibrary;
				PRODUCT_NAME = "$(TARGET_NAME:c99extidentifier)";
				SKIP_INSTALL = YES;
				SWIFT_EMIT_LOC_STRINGS = YES;
				SWIFT_OPTIMIZATION_LEVEL = "-Onone";
				SWIFT_VERSION = 5.0;
				TARGETED_DEVICE_FAMILY = "1,2";
			};
			name = Debug;
		};
		263C4CD229517E79005FE16A /* Release */ = {
			isa = XCBuildConfiguration;
			buildSettings = {
				CLANG_ENABLE_MODULES = YES;
				CODE_SIGN_STYLE = Automatic;
				CURRENT_PROJECT_VERSION = 1;
				DEFINES_MODULE = YES;
				DYLIB_COMPATIBILITY_VERSION = 1;
				DYLIB_CURRENT_VERSION = 1;
				DYLIB_INSTALL_NAME_BASE = "@rpath";
				GENERATE_INFOPLIST_FILE = YES;
				INFOPLIST_KEY_NSHumanReadableCopyright = "";
				INSTALL_PATH = "$(LOCAL_LIBRARY_DIR)/Frameworks";
				LD_RUNPATH_SEARCH_PATHS = (
					"$(inherited)",
					"@executable_path/Frameworks",
					"@loader_path/Frameworks",
				);
				MARKETING_VERSION = 1.0;
				PRODUCT_BUNDLE_IDENTIFIER = ravi.TapppPanelLibrary;
				PRODUCT_NAME = "$(TARGET_NAME:c99extidentifier)";
				SKIP_INSTALL = YES;
				SWIFT_EMIT_LOC_STRINGS = YES;
				SWIFT_VERSION = 5.0;
				TARGETED_DEVICE_FAMILY = "1,2";
			};
			name = Release;
		};
/* End XCBuildConfiguration section */

/* Begin XCConfigurationList section */
		263C4CC329517E79005FE16A /* Build configuration list for PBXProject "TapppPanelLibrary" */ = {
			isa = XCConfigurationList;
			buildConfigurations = (
				263C4CCE29517E79005FE16A /* Debug */,
				263C4CCF29517E79005FE16A /* Release */,
			);
			defaultConfigurationIsVisible = 0;
			defaultConfigurationName = Release;
		};
		263C4CD029517E79005FE16A /* Build configuration list for PBXNativeTarget "TapppPanelLibrary" */ = {
			isa = XCConfigurationList;
			buildConfigurations = (
				263C4CD129517E79005FE16A /* Debug */,
				263C4CD229517E79005FE16A /* Release */,
			);
			defaultConfigurationIsVisible = 0;
			defaultConfigurationName = Release;
		};
/* End XCConfigurationList section */
	};
	rootObject = 263C4CC029517E79005FE16A /* Project object */;
}
